
Microsoft Visual Studio Solution File, Format Version 12.00
# Visual Studio Version 17
VisualStudioVersion = 17.3.32929.385
MinimumVisualStudioVersion = 10.0.40219.1
Project("{FAE04EC0-301F-11D3-BF4B-00C04F79EFBC}") = "Wpf_harjoitus", "Wpf_harjoitus\Wpf_harjoitus.csproj", "{14109B53-09B2-409F-A220-06FA1ABCC9E3}"
EndProject
Global
	GlobalSection(SolutionConfigurationPlatforms) = preSolution
		Debug|Any CPU = Debug|Any CPU
		Release|Any CPU = Release|Any CPU
	EndGlobalSection
	GlobalSection(ProjectConfigurationPlatforms) = postSolution
		{14109B53-09B2-409F-A220-06FA1ABCC9E3}.Debug|Any CPU.ActiveCfg = Debug|Any CPU
		{14109B53-09B2-409F-A220-06FA1ABCC9E3}.Debug|Any CPU.Build.0 = Debug|Any CPU
		{14109B53-09B2-409F-A220-06FA1ABCC9E3}.Release|Any CPU.ActiveCfg = Release|Any CPU
		{14109B53-09B2-409F-A220-06FA1ABCC9E3}.Release|Any CPU.Build.0 = Release|Any CPU
	EndGlobalSection
	GlobalSection(SolutionProperties) = preSolution
		HideSolutionNode = FALSE
	EndGlobalSection
	GlobalSection(ExtensibilityGlobals) = postSolution
		SolutionGuid = {2E1F2953-982E-4D6B-8162-8737762C7BC1}
	EndGlobalSection
EndGlobal
